uuid: a4b48da0-ae6a-4919-a71a-f6d91e774052
langcode: en
status: true
dependencies:
  module:
    - block_classes
    - mellow_clo_credentials
  theme:
    - mellow_clo
id: mellow_clo_credentialsblock
theme: mellow_clo
region: footer_bottom
weight: 0
provider: null
plugin: mellow_clo_credentials_block
settings:
  id: mellow_clo_credentials_block
  label: 'Credentials Block'
  label_display: '0'
  provider: mellow_clo_credentials
visibility: {  }
